{
  "name": "solidity",
  "lockfileVersion": 3,
  "requires": true,
  "packages": {
    "": {
      "dependencies": {
        "openzeppelin": "^1.0.0"
      }
    },
    "node_modules/openzeppelin": {
      "version": "1.0.0",
      "resolved": "https://registry.npmjs.org/openzeppelin/-/openzeppelin-1.0.0.tgz",
      "integrity": "sha512-qemLpGK5krO6Wp9mdoaKvzzqAwKsyghJUEyrbue7gdn3PtPJf2gJ910qPFIUgs7ZgRnClseLX/R6bWTsq/TwJQ==",
      "license": "MIT",
      "bin": {
        "openzeppelin-contracts-migrate-imports": "scripts/migrate-imports.js"
      }
    }
  }
}
